
Microsoft Visual Studio Solution File, Format Version 12.00
# Visual Studio Version 16
VisualStudioVersion = 16.0.29709.97
MinimumVisualStudioVersion = 10.0.40219.1
Project("{FAE04EC0-301F-11D3-BF4B-00C04F79EFBC}") = "FileService.Business", "FileService.Business\FileService.Business.csproj", "{9BCFDDD4-438B-43D1-ABC7-CB3AEEED2AC8}"
EndProject
Project("{FAE04EC0-301F-11D3-BF4B-00C04F79EFBC}") = "FileService.Converter", "FileService.Converter\FileService.Converter.csproj", "{20FDCB36-873C-4500-AB51-631B4AE38A47}"
EndProject
Project("{FAE04EC0-301F-11D3-BF4B-00C04F79EFBC}") = "FileService.Converter.Test", "FileService.Converter.Test\FileService.Converter.Test.csproj", "{6702E240-E14C-4B94-9B16-C2BA745B4B88}"
EndProject
Project("{FAE04EC0-301F-11D3-BF4B-00C04F79EFBC}") = "FileService.Data", "FileService.Data\FileService.Data.csproj", "{A9DC90C8-E042-4A73-A8AA-78AAE8379016}"
EndProject
Project("{FAE04EC0-301F-11D3-BF4B-00C04F79EFBC}") = "FileService.Model", "FileService.Model\FileService.Model.csproj", "{195DF8C3-96B6-4398-ACC0-D065E830A2BB}"
EndProject
Project("{FAE04EC0-301F-11D3-BF4B-00C04F79EFBC}") = "FileService.Util", "FileService.Util\FileService.Util.csproj", "{8A43E57B-7CBF-49DD-B163-77084C742726}"
EndProject
Project("{FAE04EC0-301F-11D3-BF4B-00C04F79EFBC}") = "FileServiceTransfor.Web", "FileServiceTransfor.Web\FileServiceTransfor.Web.csproj", "{CE9867B8-5E76-4E29-9824-CFDA9CBBFE7E}"
EndProject
Project("{FAE04EC0-301F-11D3-BF4B-00C04F79EFBC}") = "FileService.Web", "FileService.Web\FileService.Web.csproj", "{3EAC9396-D5B7-4824-9F4B-66A6E1C2DDD2}"
EndProject
Global
	GlobalSection(SolutionConfigurationPlatforms) = preSolution
		Debug|Any CPU = Debug|Any CPU
		Release|Any CPU = Release|Any CPU
	EndGlobalSection
	GlobalSection(ProjectConfigurationPlatforms) = postSolution
		{9BCFDDD4-438B-43D1-ABC7-CB3AEEED2AC8}.Debug|Any CPU.ActiveCfg = Debug|Any CPU
		{9BCFDDD4-438B-43D1-ABC7-CB3AEEED2AC8}.Debug|Any CPU.Build.0 = Debug|Any CPU
		{9BCFDDD4-438B-43D1-ABC7-CB3AEEED2AC8}.Release|Any CPU.ActiveCfg = Release|Any CPU
		{9BCFDDD4-438B-43D1-ABC7-CB3AEEED2AC8}.Release|Any CPU.Build.0 = Release|Any CPU
		{20FDCB36-873C-4500-AB51-631B4AE38A47}.Debug|Any CPU.ActiveCfg = Debug|Any CPU
		{20FDCB36-873C-4500-AB51-631B4AE38A47}.Debug|Any CPU.Build.0 = Debug|Any CPU
		{20FDCB36-873C-4500-AB51-631B4AE38A47}.Release|Any CPU.ActiveCfg = Release|Any CPU
		{20FDCB36-873C-4500-AB51-631B4AE38A47}.Release|Any CPU.Build.0 = Release|Any CPU
		{6702E240-E14C-4B94-9B16-C2BA745B4B88}.Debug|Any CPU.ActiveCfg = Debug|Any CPU
		{6702E240-E14C-4B94-9B16-C2BA745B4B88}.Debug|Any CPU.Build.0 = Debug|Any CPU
		{6702E240-E14C-4B94-9B16-C2BA745B4B88}.Release|Any CPU.ActiveCfg = Release|Any CPU
		{6702E240-E14C-4B94-9B16-C2BA745B4B88}.Release|Any CPU.Build.0 = Release|Any CPU
		{A9DC90C8-E042-4A73-A8AA-78AAE8379016}.Debug|Any CPU.ActiveCfg = Debug|Any CPU
		{A9DC90C8-E042-4A73-A8AA-78AAE8379016}.Debug|Any CPU.Build.0 = Debug|Any CPU
		{A9DC90C8-E042-4A73-A8AA-78AAE8379016}.Release|Any CPU.ActiveCfg = Release|Any CPU
		{A9DC90C8-E042-4A73-A8AA-78AAE8379016}.Release|Any CPU.Build.0 = Release|Any CPU
		{195DF8C3-96B6-4398-ACC0-D065E830A2BB}.Debug|Any CPU.ActiveCfg = Debug|Any CPU
		{195DF8C3-96B6-4398-ACC0-D065E830A2BB}.Debug|Any CPU.Build.0 = Debug|Any CPU
		{195DF8C3-96B6-4398-ACC0-D065E830A2BB}.Release|Any CPU.ActiveCfg = Release|Any CPU
		{195DF8C3-96B6-4398-ACC0-D065E830A2BB}.Release|Any CPU.Build.0 = Release|Any CPU
		{8A43E57B-7CBF-49DD-B163-77084C742726}.Debug|Any CPU.ActiveCfg = Debug|Any CPU
		{8A43E57B-7CBF-49DD-B163-77084C742726}.Debug|Any CPU.Build.0 = Debug|Any CPU
		{8A43E57B-7CBF-49DD-B163-77084C742726}.Release|Any CPU.ActiveCfg = Release|Any CPU
		{8A43E57B-7CBF-49DD-B163-77084C742726}.Release|Any CPU.Build.0 = Release|Any CPU
		{CE9867B8-5E76-4E29-9824-CFDA9CBBFE7E}.Debug|Any CPU.ActiveCfg = Debug|Any CPU
		{CE9867B8-5E76-4E29-9824-CFDA9CBBFE7E}.Debug|Any CPU.Build.0 = Debug|Any CPU
		{CE9867B8-5E76-4E29-9824-CFDA9CBBFE7E}.Release|Any CPU.ActiveCfg = Release|Any CPU
		{CE9867B8-5E76-4E29-9824-CFDA9CBBFE7E}.Release|Any CPU.Build.0 = Release|Any CPU
		{3EAC9396-D5B7-4824-9F4B-66A6E1C2DDD2}.Debug|Any CPU.ActiveCfg = Debug|Any CPU
		{3EAC9396-D5B7-4824-9F4B-66A6E1C2DDD2}.Debug|Any CPU.Build.0 = Debug|Any CPU
		{3EAC9396-D5B7-4824-9F4B-66A6E1C2DDD2}.Release|Any CPU.ActiveCfg = Release|Any CPU
		{3EAC9396-D5B7-4824-9F4B-66A6E1C2DDD2}.Release|Any CPU.Build.0 = Release|Any CPU
	EndGlobalSection
	GlobalSection(SolutionProperties) = preSolution
		HideSolutionNode = FALSE
	EndGlobalSection
	GlobalSection(ExtensibilityGlobals) = postSolution
		SolutionGuid = {52678F44-E673-4543-AC29-F7F0278E3B4E}
	EndGlobalSection
EndGlobal
